
Microsoft Visual Studio Solution File, Format Version 12.00
# Visual Studio 15
VisualStudioVersion = 15.0.27130.2010
MinimumVisualStudioVersion = 10.0.40219.1
Project("{888888A0-9F3D-457C-B088-3A5042F75D52}") = "PyBackup", "PyBackup\PyBackup.pyproj", "{AF49ADF4-606A-4342-97D8-A016A352830C}"
EndProject
Global
	GlobalSection(SolutionConfigurationPlatforms) = preSolution
		Debug|Any CPU = Debug|Any CPU
		Release|Any CPU = Release|Any CPU
	EndGlobalSection
	GlobalSection(ProjectConfigurationPlatforms) = postSolution
		{AF49ADF4-606A-4342-97D8-A016A352830C}.Debug|Any CPU.ActiveCfg = Debug|Any CPU
		{AF49ADF4-606A-4342-97D8-A016A352830C}.Release|Any CPU.ActiveCfg = Release|Any CPU
	EndGlobalSection
	GlobalSection(SolutionProperties) = preSolution
		HideSolutionNode = FALSE
	EndGlobalSection
	GlobalSection(ExtensibilityGlobals) = postSolution
		SolutionGuid = {AD4DA44E-6B7B-4140-B8D6-CF85F5E79E2E}
	EndGlobalSection
EndGlobal
